
Microsoft Visual Studio Solution File, Format Version 12.00
# Visual Studio Version 16
VisualStudioVersion = 16.0.30320.27
MinimumVisualStudioVersion = 10.0.40219.1
Project("{FAE04EC0-301F-11D3-BF4B-00C04F79EFBC}") = "WebApplication5", "WebApplication5\WebApplication5.csproj", "{8F452595-29E7-45CD-ACD5-26A6C381CF99}"
EndProject
Project("{151D2E53-A2C4-4D7D-83FE-D05416EBD58E}") = "WebApp5ResourceGroup", "WebApp5ResourceGroup\WebApp5ResourceGroup.deployproj", "{3675B42C-1218-4BC5-9B80-B6A9A7E20902}"
EndProject
Global
	GlobalSection(SolutionConfigurationPlatforms) = preSolution
		Debug|Any CPU = Debug|Any CPU
		Release|Any CPU = Release|Any CPU
	EndGlobalSection
	GlobalSection(ProjectConfigurationPlatforms) = postSolution
		{8F452595-29E7-45CD-ACD5-26A6C381CF99}.Debug|Any CPU.ActiveCfg = Debug|Any CPU
		{8F452595-29E7-45CD-ACD5-26A6C381CF99}.Debug|Any CPU.Build.0 = Debug|Any CPU
		{8F452595-29E7-45CD-ACD5-26A6C381CF99}.Release|Any CPU.ActiveCfg = Release|Any CPU
		{8F452595-29E7-45CD-ACD5-26A6C381CF99}.Release|Any CPU.Build.0 = Release|Any CPU
		{3675B42C-1218-4BC5-9B80-B6A9A7E20902}.Debug|Any CPU.ActiveCfg = Debug|Any CPU
		{3675B42C-1218-4BC5-9B80-B6A9A7E20902}.Debug|Any CPU.Build.0 = Debug|Any CPU
		{3675B42C-1218-4BC5-9B80-B6A9A7E20902}.Release|Any CPU.ActiveCfg = Release|Any CPU
		{3675B42C-1218-4BC5-9B80-B6A9A7E20902}.Release|Any CPU.Build.0 = Release|Any CPU
	EndGlobalSection
	GlobalSection(SolutionProperties) = preSolution
		HideSolutionNode = FALSE
	EndGlobalSection
	GlobalSection(ExtensibilityGlobals) = postSolution
		SolutionGuid = {0B3384D9-1305-4348-A8FE-2683571A5FBC}
	EndGlobalSection
EndGlobal
